
Microsoft Visual Studio Solution File, Format Version 12.00
# Visual Studio 15
VisualStudioVersion = 15.0.28010.2046
MinimumVisualStudioVersion = 10.0.40219.1
Project("{8BC9CEB8-8B4A-11D0-8D11-00A0C91BC942}") = "diGuishu", "diGuishu\diGuishu.vcxproj", "{444106E3-4841-4F80-9643-FE73C0638A87}"
EndProject
Global
	GlobalSection(SolutionConfigurationPlatforms) = preSolution
		Debug|x64 = Debug|x64
		Debug|x86 = Debug|x86
		Release|x64 = Release|x64
		Release|x86 = Release|x86
	EndGlobalSection
	GlobalSection(ProjectConfigurationPlatforms) = postSolution
		{444106E3-4841-4F80-9643-FE73C0638A87}.Debug|x64.ActiveCfg = Debug|x64
		{444106E3-4841-4F80-9643-FE73C0638A87}.Debug|x64.Build.0 = Debug|x64
		{444106E3-4841-4F80-9643-FE73C0638A87}.Debug|x86.ActiveCfg = Debug|Win32
		{444106E3-4841-4F80-9643-FE73C0638A87}.Debug|x86.Build.0 = Debug|Win32
		{444106E3-4841-4F80-9643-FE73C0638A87}.Release|x64.ActiveCfg = Release|x64
		{444106E3-4841-4F80-9643-FE73C0638A87}.Release|x64.Build.0 = Release|x64
		{444106E3-4841-4F80-9643-FE73C0638A87}.Release|x86.ActiveCfg = Release|Win32
		{444106E3-4841-4F80-9643-FE73C0638A87}.Release|x86.Build.0 = Release|Win32
	EndGlobalSection
	GlobalSection(SolutionProperties) = preSolution
		HideSolutionNode = FALSE
	EndGlobalSection
	GlobalSection(ExtensibilityGlobals) = postSolution
		SolutionGuid = {9B1B944F-5DFB-44EE-A6DD-C20ADEA15329}
	EndGlobalSection
EndGlobal
